
Microsoft Visual Studio Solution File, Format Version 12.00
# Visual Studio Version 17
VisualStudioVersion = 17.4.33213.308
MinimumVisualStudioVersion = 10.0.40219.1
Project("{FAE04EC0-301F-11D3-BF4B-00C04F79EFBC}") = "BankSoftware", "BankSoftware.csproj", "{8F40F003-6E87-4853-8CDE-22CCB2C77EA0}"
EndProject
Global
	GlobalSection(SolutionConfigurationPlatforms) = preSolution
		Debug|Any CPU = Debug|Any CPU
		Release|Any CPU = Release|Any CPU
	EndGlobalSection
	GlobalSection(ProjectConfigurationPlatforms) = postSolution
		{8F40F003-6E87-4853-8CDE-22CCB2C77EA0}.Debug|Any CPU.ActiveCfg = Debug|Any CPU
		{8F40F003-6E87-4853-8CDE-22CCB2C77EA0}.Debug|Any CPU.Build.0 = Debug|Any CPU
		{8F40F003-6E87-4853-8CDE-22CCB2C77EA0}.Release|Any CPU.ActiveCfg = Release|Any CPU
		{8F40F003-6E87-4853-8CDE-22CCB2C77EA0}.Release|Any CPU.Build.0 = Release|Any CPU
	EndGlobalSection
	GlobalSection(SolutionProperties) = preSolution
		HideSolutionNode = FALSE
	EndGlobalSection
	GlobalSection(ExtensibilityGlobals) = postSolution
		SolutionGuid = {A71B91C9-F96A-448C-95DB-353D165F299D}
	EndGlobalSection
EndGlobal
